
Microsoft Visual Studio Solution File, Format Version 12.00
# Visual Studio Version 16
VisualStudioVersion = 16.0.30002.166
MinimumVisualStudioVersion = 10.0.40219.1
Project("{9A19103F-16F7-4668-BE54-9A1E7A4F7556}") = "UserMicroserive", "UserMicroserive\UserMicroserive.csproj", "{1BA143AD-50B1-4187-A0EC-2B23AFF40756}"
EndProject
Project("{FAE04EC0-301F-11D3-BF4B-00C04F79EFBC}") = "APIGateway", "APIGateway\APIGateway.csproj", "{95C66902-E851-405B-A839-D86823DF4674}"
EndProject
Global
	GlobalSection(SolutionConfigurationPlatforms) = preSolution
		Debug|Any CPU = Debug|Any CPU
		Release|Any CPU = Release|Any CPU
	EndGlobalSection
	GlobalSection(ProjectConfigurationPlatforms) = postSolution
		{1BA143AD-50B1-4187-A0EC-2B23AFF40756}.Debug|Any CPU.ActiveCfg = Debug|Any CPU
		{1BA143AD-50B1-4187-A0EC-2B23AFF40756}.Debug|Any CPU.Build.0 = Debug|Any CPU
		{1BA143AD-50B1-4187-A0EC-2B23AFF40756}.Release|Any CPU.ActiveCfg = Release|Any CPU
		{1BA143AD-50B1-4187-A0EC-2B23AFF40756}.Release|Any CPU.Build.0 = Release|Any CPU
		{95C66902-E851-405B-A839-D86823DF4674}.Debug|Any CPU.ActiveCfg = Debug|Any CPU
		{95C66902-E851-405B-A839-D86823DF4674}.Debug|Any CPU.Build.0 = Debug|Any CPU
		{95C66902-E851-405B-A839-D86823DF4674}.Release|Any CPU.ActiveCfg = Release|Any CPU
		{95C66902-E851-405B-A839-D86823DF4674}.Release|Any CPU.Build.0 = Release|Any CPU
	EndGlobalSection
	GlobalSection(SolutionProperties) = preSolution
		HideSolutionNode = FALSE
	EndGlobalSection
	GlobalSection(ExtensibilityGlobals) = postSolution
		SolutionGuid = {F7CBA188-932A-4EBD-B5FA-134639EF369A}
	EndGlobalSection
EndGlobal
